
Microsoft Visual Studio Solution File, Format Version 12.00
# Visual Studio Version 16
VisualStudioVersion = 16.0.29306.81
MinimumVisualStudioVersion = 10.0.40219.1
Project("{FAE04EC0-301F-11D3-BF4B-00C04F79EFBC}") = "BusyIndicator", "BusyIndicator\BusyIndicator.csproj", "{BE22FE0B-46F6-430B-B0B4-9386867E3DB0}"
EndProject
Project("{FAE04EC0-301F-11D3-BF4B-00C04F79EFBC}") = "Demo", "Demo\Demo.csproj", "{ED1F8902-F29E-4B54-BD6A-063ED89B6767}"
EndProject
Global
	GlobalSection(SolutionConfigurationPlatforms) = preSolution
		Debug|Any CPU = Debug|Any CPU
		Release|Any CPU = Release|Any CPU
	EndGlobalSection
	GlobalSection(ProjectConfigurationPlatforms) = postSolution
		{BE22FE0B-46F6-430B-B0B4-9386867E3DB0}.Debug|Any CPU.ActiveCfg = Debug|Any CPU
		{BE22FE0B-46F6-430B-B0B4-9386867E3DB0}.Debug|Any CPU.Build.0 = Debug|Any CPU
		{BE22FE0B-46F6-430B-B0B4-9386867E3DB0}.Release|Any CPU.ActiveCfg = Release|Any CPU
		{BE22FE0B-46F6-430B-B0B4-9386867E3DB0}.Release|Any CPU.Build.0 = Release|Any CPU
		{ED1F8902-F29E-4B54-BD6A-063ED89B6767}.Debug|Any CPU.ActiveCfg = Debug|Any CPU
		{ED1F8902-F29E-4B54-BD6A-063ED89B6767}.Debug|Any CPU.Build.0 = Debug|Any CPU
		{ED1F8902-F29E-4B54-BD6A-063ED89B6767}.Release|Any CPU.ActiveCfg = Release|Any CPU
		{ED1F8902-F29E-4B54-BD6A-063ED89B6767}.Release|Any CPU.Build.0 = Release|Any CPU
	EndGlobalSection
	GlobalSection(SolutionProperties) = preSolution
		HideSolutionNode = FALSE
	EndGlobalSection
	GlobalSection(ExtensibilityGlobals) = postSolution
		SolutionGuid = {7F178CD1-6F0D-49A0-BA06-7C2D81A57A08}
	EndGlobalSection
EndGlobal
